
Microsoft Visual Studio Solution File, Format Version 12.00
# Visual Studio Version 17
VisualStudioVersion = 17.11.35327.3
MinimumVisualStudioVersion = 10.0.40219.1
Project("{FAE04EC0-301F-11D3-BF4B-00C04F79EFBC}") = "LinQTaskDemo", "LinQTaskDemo\LinQTaskDemo.csproj", "{C35817D4-96DB-47A8-93F0-2FC27EBAC860}"
EndProject
Global
	GlobalSection(SolutionConfigurationPlatforms) = preSolution
		Debug|Any CPU = Debug|Any CPU
		Release|Any CPU = Release|Any CPU
	EndGlobalSection
	GlobalSection(ProjectConfigurationPlatforms) = postSolution
		{C35817D4-96DB-47A8-93F0-2FC27EBAC860}.Debug|Any CPU.ActiveCfg = Debug|Any CPU
		{C35817D4-96DB-47A8-93F0-2FC27EBAC860}.Debug|Any CPU.Build.0 = Debug|Any CPU
		{C35817D4-96DB-47A8-93F0-2FC27EBAC860}.Release|Any CPU.ActiveCfg = Release|Any CPU
		{C35817D4-96DB-47A8-93F0-2FC27EBAC860}.Release|Any CPU.Build.0 = Release|Any CPU
	EndGlobalSection
	GlobalSection(SolutionProperties) = preSolution
		HideSolutionNode = FALSE
	EndGlobalSection
	GlobalSection(ExtensibilityGlobals) = postSolution
		SolutionGuid = {AAFD0282-C58C-4A76-B1B5-C8A010889C48}
	EndGlobalSection
EndGlobal
